// !$*UTF8*$!
{
	archiveVersion = 1;
	classes = {
	};
	objectVersion = 50;
	objects = {

/* Begin PBXBuildFile section */
		86A98E5925173A0500E6CBD7 /* AppDelegate.swift in Sources */ = {isa = PBXBuildFile; fileRef = 86A98E5825173A0500E6CBD7 /* AppDelegate.swift */; };
		86A98E5B25173A0500E6CBD7 /* SceneDelegate.swift in Sources */ = {isa = PBXBuildFile; fileRef = 86A98E5A25173A0500E6CBD7 /* SceneDelegate.swift */; };
		86A98E5D25173A0500E6CBD7 /* ViewController.swift in Sources */ = {isa = PBXBuildFile; fileRef = 86A98E5C25173A0500E6CBD7 /* ViewController.swift */; };
		86A98E6025173A0500E6CBD7 /* Main.storyboard in Resources */ = {isa = PBXBuildFile; fileRef = 86A98E5E25173A0500E6CBD7 /* Main.storyboard */; };
		86A98E6225173A0600E6CBD7 /* Assets.xcassets in Resources */ = {isa = PBXBuildFile; fileRef = 86A98E6125173A0600E6CBD7 /* Assets.xcassets */; };
		86A98E6525173A0600E6CBD7 /* LaunchScreen.storyboard in Resources */ = {isa = PBXBuildFile; fileRef = 86A98E6325173A0600E6CBD7 /* LaunchScreen.storyboard */; };
		86A98E7025173A0600E6CBD7 /* FirstTodoAPPTests.swift in Sources */ = {isa = PBXBuildFile; fileRef = 86A98E6F25173A0600E6CBD7 /* FirstTodoAPPTests.swift */; };
		86A98E7B25173A0600E6CBD7 /* FirstTodoAPPUITests.swift in Sources */ = {isa = PBXBuildFile; fileRef = 86A98E7A25173A0600E6CBD7 /* FirstTodoAPPUITests.swift */; };
		86A98E8C25174AA900E6CBD7 /* AddControllerViewController.swift in Sources */ = {isa = PBXBuildFile; fileRef = 86A98E8B25174AA900E6CBD7 /* AddControllerViewController.swift */; };
/* End PBXBuildFile section */

/* Begin PBXContainerItemProxy section */
		86A98E6C25173A0600E6CBD7 /* PBXContainerItemProxy */ = {
			isa = PBXContainerItemProxy;
			containerPortal = 86A98E4D25173A0500E6CBD7 /* Project object */;
			proxyType = 1;
			remoteGlobalIDString = 86A98E5425173A0500E6CBD7;
			remoteInfo = FirstTodoAPP;
		};
		86A98E7725173A0600E6CBD7 /* PBXContainerItemProxy */ = {
			isa = PBXContainerItemProxy;
			containerPortal = 86A98E4D25173A0500E6CBD7 /* Project object */;
			proxyType = 1;
			remoteGlobalIDString = 86A98E5425173A0500E6CBD7;
			remoteInfo = FirstTodoAPP;
		};
/* End PBXContainerItemProxy section */

/* Begin PBXFileReference section */
		86A98E5525173A0500E6CBD7 /* FirstTodoAPP.app */ = {isa = PBXFileReference; explicitFileType = wrapper.application; includeInIndex = 0; path = FirstTodoAPP.app; sourceTree = BUILT_PRODUCTS_DIR; };
		86A98E5825173A0500E6CBD7 /* AppDelegate.swift */ = {isa = PBXFileReference; lastKnownFileType = sourcecode.swift; path = AppDelegate.swift; sourceTree = "<group>"; };
		86A98E5A25173A0500E6CBD7 /* SceneDelegate.swift */ = {isa = PBXFileReference; lastKnownFileType = sourcecode.swift; path = SceneDelegate.swift; sourceTree = "<group>"; };
		86A98E5C25173A0500E6CBD7 /* ViewController.swift */ = {isa = PBXFileReference; lastKnownFileType = sourcecode.swift; path = ViewController.swift; sourceTree = "<group>"; };
		86A98E5F25173A0500E6CBD7 /* Base */ = {isa = PBXFileReference; lastKnownFileType = file.storyboard; name = Base; path = Base.lproj/Main.storyboard; sourceTree = "<group>"; };
		86A98E6125173A0600E6CBD7 /* Assets.xcassets */ = {isa = PBXFileReference; lastKnownFileType = folder.assetcatalog; path = Assets.xcassets; sourceTree = "<group>"; };
		86A98E6425173A0600E6CBD7 /* Base */ = {isa = PBXFileReference; lastKnownFileType = file.storyboard; name = Base; path = Base.lproj/LaunchScreen.storyboard; sourceTree = "<group>"; };
		86A98E6625173A0600E6CBD7 /* Info.plist */ = {isa = PBXFileReference; lastKnownFileType = text.plist.xml; path = Info.plist; sourceTree = "<group>"; };
		86A98E6B25173A0600E6CBD7 /* FirstTodoAPPTests.xctest */ = {isa = PBXFileReference; explicitFileType = wrapper.cfbundle; includeInIndex = 0; path = FirstTodoAPPTests.xctest; sourceTree = BUILT_PRODUCTS_DIR; };
		86A98E6F25173A0600E6CBD7 /* FirstTodoAPPTests.swift */ = {isa = PBXFileReference; lastKnownFileType = sourcecode.swift; path = FirstTodoAPPTests.swift; sourceTree = "<group>"; };
		86A98E7125173A0600E6CBD7 /* Info.plist */ = {isa = PBXFileReference; lastKnownFileType = text.plist.xml; path = Info.plist; sourceTree = "<group>"; };
		86A98E7625173A0600E6CBD7 /* FirstTodoAPPUITests.xctest */ = {isa = PBXFileReference; explicitFileType = wrapper.cfbundle; includeInIndex = 0; path = FirstTodoAPPUITests.xctest; sourceTree = BUILT_PRODUCTS_DIR; };
		86A98E7A25173A0600E6CBD7 /* FirstTodoAPPUITests.swift */ = {isa = PBXFileReference; lastKnownFileType = sourcecode.swift; path = FirstTodoAPPUITests.swift; sourceTree = "<group>"; };
		86A98E7C25173A0600E6CBD7 /* Info.plist */ = {isa = PBXFileReference; lastKnownFileType = text.plist.xml; path = Info.plist; sourceTree = "<group>"; };
		86A98E8B25174AA900E6CBD7 /* AddControllerViewController.swift */ = {isa = PBXFileReference; lastKnownFileType = sourcecode.swift; path = AddControllerViewController.swift; sourceTree = "<group>"; };
/* End PBXFileReference section */

/* Begin PBXFrameworksBuildPhase section */
		86A98E5225173A0500E6CBD7 /* Frameworks */ = {
			isa = PBXFrameworksBuildPhase;
			buildActionMask = 2147483647;
			files = (
			);
			runOnlyForDeploymentPostprocessing = 0;
		};
		86A98E6825173A0600E6CBD7 /* Frameworks */ = {
			isa = PBXFrameworksBuildPhase;
			buildActionMask = 2147483647;
			files = (
			);
			runOnlyForDeploymentPostprocessing = 0;
		};
		86A98E7325173A0600E6CBD7 /* Frameworks */ = {
			isa = PBXFrameworksBuildPhase;
			buildActionMask = 2147483647;
			files = (
			);
			runOnlyForDeploymentPostprocessing = 0;
		};
/* End PBXFrameworksBuildPhase section */

/* Begin PBXGroup section */
		86A98E4C25173A0500E6CBD7 = {
			isa = PBXGroup;
			children = (
				86A98E5725173A0500E6CBD7 /* FirstTodoAPP */,
				86A98E6E25173A0600E6CBD7 /* FirstTodoAPPTests */,
				86A98E7925173A0600E6CBD7 /* FirstTodoAPPUITests */,
				86A98E5625173A0500E6CBD7 /* Products */,
			);
			sourceTree = "<group>";
		};
		86A98E5625173A0500E6CBD7 /* Products */ = {
			isa = PBXGroup;
			children = (
				86A98E5525173A0500E6CBD7 /* FirstTodoAPP.app */,
				86A98E6B25173A0600E6CBD7 /* FirstTodoAPPTests.xctest */,
				86A98E7625173A0600E6CBD7 /* FirstTodoAPPUITests.xctest */,
			);
			name = Products;
			sourceTree = "<group>";
		};
		86A98E5725173A0500E6CBD7 /* FirstTodoAPP */ = {
			isa = PBXGroup;
			children = (
				86A98E5825173A0500E6CBD7 /* AppDelegate.swift */,
				86A98E5A25173A0500E6CBD7 /* SceneDelegate.swift */,
				86A98E5C25173A0500E6CBD7 /* ViewController.swift */,
				86A98E5E25173A0500E6CBD7 /* Main.storyboard */,
				86A98E6125173A0600E6CBD7 /* Assets.xcassets */,
				86A98E6325173A0600E6CBD7 /* LaunchScreen.storyboard */,
				86A98E6625173A0600E6CBD7 /* Info.plist */,
				86A98E8B25174AA900E6CBD7 /* AddControllerViewController.swift */,
			);
			path = FirstTodoAPP;
			sourceTree = "<group>";
		};
		86A98E6E25173A0600E6CBD7 /* FirstTodoAPPTests */ = {
			isa = PBXGroup;
			children = (
				86A98E6F25173A0600E6CBD7 /* FirstTodoAPPTests.swift */,
				86A98E7125173A0600E6CBD7 /* Info.plist */,
			);
			path = FirstTodoAPPTests;
			sourceTree = "<group>";
		};
		86A98E7925173A0600E6CBD7 /* FirstTodoAPPUITests */ = {
			isa = PBXGroup;
			children = (
				86A98E7A25173A0600E6CBD7 /* FirstTodoAPPUITests.swift */,
				86A98E7C25173A0600E6CBD7 /* Info.plist */,
			);
			path = FirstTodoAPPUITests;
			sourceTree = "<group>";
		};
/* End PBXGroup section */

/* Begin PBXNativeTarget section */
		86A98E5425173A0500E6CBD7 /* FirstTodoAPP */ = {
			isa = PBXNativeTarget;
			buildConfigurationList = 86A98E7F25173A0600E6CBD7 /* Build configuration list for PBXNativeTarget "FirstTodoAPP" */;
			buildPhases = (
				86A98E5125173A0500E6CBD7 /* Sources */,
				86A98E5225173A0500E6CBD7 /* Frameworks */,
				86A98E5325173A0500E6CBD7 /* Resources */,
			);
			buildRules = (
			);
			dependencies = (
			);
			name = FirstTodoAPP;
			productName = FirstTodoAPP;
			productReference = 86A98E5525173A0500E6CBD7 /* FirstTodoAPP.app */;
			productType = "com.apple.product-type.application";
		};
		86A98E6A25173A0600E6CBD7 /* FirstTodoAPPTests */ = {
			isa = PBXNativeTarget;
			buildConfigurationList = 86A98E8225173A0600E6CBD7 /* Build configuration list for PBXNativeTarget "FirstTodoAPPTests" */;
			buildPhases = (
				86A98E6725173A0600E6CBD7 /* Sources */,
				86A98E6825173A0600E6CBD7 /* Frameworks */,
				86A98E6925173A0600E6CBD7 /* Resources */,
			);
			buildRules = (
			);
			dependencies = (
				86A98E6D25173A0600E6CBD7 /* PBXTargetDependency */,
			);
			name = FirstTodoAPPTests;
			productName = FirstTodoAPPTests;
			productReference = 86A98E6B25173A0600E6CBD7 /* FirstTodoAPPTests.xctest */;
			productType = "com.apple.product-type.bundle.unit-test";
		};
		86A98E7525173A0600E6CBD7 /* FirstTodoAPPUITests */ = {
			isa = PBXNativeTarget;
			buildConfigurationList = 86A98E8525173A0600E6CBD7 /* Build configuration list for PBXNativeTarget "FirstTodoAPPUITests" */;
			buildPhases = (
				86A98E7225173A0600E6CBD7 /* Sources */,
				86A98E7325173A0600E6CBD7 /* Frameworks */,
				86A98E7425173A0600E6CBD7 /* Resources */,
			);
			buildRules = (
			);
			dependencies = (
				86A98E7825173A0600E6CBD7 /* PBXTargetDependency */,
			);
			name = FirstTodoAPPUITests;
			productName = FirstTodoAPPUITests;
			productReference = 86A98E7625173A0600E6CBD7 /* FirstTodoAPPUITests.xctest */;
			productType = "com.apple.product-type.bundle.ui-testing";
		};
/* End PBXNativeTarget section */

/* Begin PBXProject section */
		86A98E4D25173A0500E6CBD7 /* Project object */ = {
			isa = PBXProject;
			attributes = {
				LastSwiftUpdateCheck = 1200;
				LastUpgradeCheck = 1200;
				TargetAttributes = {
					86A98E5425173A0500E6CBD7 = {
						CreatedOnToolsVersion = 12.0;
					};
					86A98E6A25173A0600E6CBD7 = {
						CreatedOnToolsVersion = 12.0;
						TestTargetID = 86A98E5425173A0500E6CBD7;
					};
					86A98E7525173A0600E6CBD7 = {
						CreatedOnToolsVersion = 12.0;
						TestTargetID = 86A98E5425173A0500E6CBD7;
					};
				};
			};
			buildConfigurationList = 86A98E5025173A0500E6CBD7 /* Build configuration list for PBXProject "FirstTodoAPP" */;
			compatibilityVersion = "Xcode 9.3";
			developmentRegion = en;
			hasScannedForEncodings = 0;
			knownRegions = (
				en,
				Base,
			);
			mainGroup = 86A98E4C25173A0500E6CBD7;
			productRefGroup = 86A98E5625173A0500E6CBD7 /* Products */;
			projectDirPath = "";
			projectRoot = "";
			targets = (
				86A98E5425173A0500E6CBD7 /* FirstTodoAPP */,
				86A98E6A25173A0600E6CBD7 /* FirstTodoAPPTests */,
				86A98E7525173A0600E6CBD7 /* FirstTodoAPPUITests */,
			);
		};
/* End PBXProject section */

/* Begin PBXResourcesBuildPhase section */
		86A98E5325173A0500E6CBD7 /* Resources */ = {
			isa = PBXResourcesBuildPhase;
			buildActionMask = 2147483647;
			files = (
				86A98E6525173A0600E6CBD7 /* LaunchScreen.storyboard in Resources */,
				86A98E6225173A0600E6CBD7 /* Assets.xcassets in Resources */,
				86A98E6025173A0500E6CBD7 /* Main.storyboard in Resources */,
			);
			runOnlyForDeploymentPostprocessing = 0;
		};
		86A98E6925173A0600E6CBD7 /* Resources */ = {
			isa = PBXResourcesBuildPhase;
			buildActionMask = 2147483647;
			files = (
			);
			runOnlyForDeploymentPostprocessing = 0;
		};
		86A98E7425173A0600E6CBD7 /* Resources */ = {
			isa = PBXResourcesBuildPhase;
			buildActionMask = 2147483647;
			files = (
			);
			runOnlyForDeploymentPostprocessing = 0;
		};
/* End PBXResourcesBuildPhase section */

/* Begin PBXSourcesBuildPhase section */
		86A98E5125173A0500E6CBD7 /* Sources */ = {
			isa = PBXSourcesBuildPhase;
			buildActionMask = 2147483647;
			files = (
				86A98E8C25174AA900E6CBD7 /* AddControllerViewController.swift in Sources */,
				86A98E5D25173A0500E6CBD7 /* ViewController.swift in Sources */,
				86A98E5925173A0500E6CBD7 /* AppDelegate.swift in Sources */,
				86A98E5B25173A0500E6CBD7 /* SceneDelegate.swift in Sources */,
			);
			runOnlyForDeploymentPostprocessing = 0;
		};
		86A98E6725173A0600E6CBD7 /* Sources */ = {
			isa = PBXSourcesBuildPhase;
			buildActionMask = 2147483647;
			files = (
				86A98E7025173A0600E6CBD7 /* FirstTodoAPPTests.swift in Sources */,
			);
			runOnlyForDeploymentPostprocessing = 0;
		};
		86A98E7225173A0600E6CBD7 /* Sources */ = {
			isa = PBXSourcesBuildPhase;
			buildActionMask = 2147483647;
			files = (
				86A98E7B25173A0600E6CBD7 /* FirstTodoAPPUITests.swift in Sources */,
			);
			runOnlyForDeploymentPostprocessing = 0;
		};
/* End PBXSourcesBuildPhase section */

/* Begin PBXTargetDependency section */
		86A98E6D25173A0600E6CBD7 /* PBXTargetDependency */ = {
			isa = PBXTargetDependency;
			target = 86A98E5425173A0500E6CBD7 /* FirstTodoAPP */;
			targetProxy = 86A98E6C25173A0600E6CBD7 /* PBXContainerItemProxy */;
		};
		86A98E7825173A0600E6CBD7 /* PBXTargetDependency */ = {
			isa = PBXTargetDependency;
			target = 86A98E5425173A0500E6CBD7 /* FirstTodoAPP */;
			targetProxy = 86A98E7725173A0600E6CBD7 /* PBXContainerItemProxy */;
		};
/* End PBXTargetDependency section */

/* Begin PBXVariantGroup section */
		86A98E5E25173A0500E6CBD7 /* Main.storyboard */ = {
			isa = PBXVariantGroup;
			children = (
				86A98E5F25173A0500E6CBD7 /* Base */,
			);
			name = Main.storyboard;
			sourceTree = "<group>";
		};
		86A98E6325173A0600E6CBD7 /* LaunchScreen.storyboard */ = {
			isa = PBXVariantGroup;
			children = (
				86A98E6425173A0600E6CBD7 /* Base */,
			);
			name = LaunchScreen.storyboard;
			sourceTree = "<group>";
		};
/* End PBXVariantGroup section */

/* Begin XCBuildConfiguration section */
		86A98E7D25173A0600E6CBD7 /* Debug */ = {
			isa = XCBuildConfiguration;
			buildSettings = {
				ALWAYS_SEARCH_USER_PATHS = NO;
				CLANG_ANALYZER_NONNULL = YES;
				CLANG_ANALYZER_NUMBER_OBJECT_CONVERSION = YES_AGGRESSIVE;
				CLANG_CXX_LANGUAGE_STANDARD = "gnu++14";
				CLANG_CXX_LIBRARY = "libc++";
				CLANG_ENABLE_MODULES = YES;
				CLANG_ENABLE_OBJC_ARC = YES;
				CLANG_ENABLE_OBJC_WEAK = YES;
				CLANG_WARN_BLOCK_CAPTURE_AUTORELEASING = YES;
				CLANG_WARN_BOOL_CONVERSION = YES;
				CLANG_WARN_COMMA = YES;
				CLANG_WARN_CONSTANT_CONVERSION = YES;
				CLANG_WARN_DEPRECATED_OBJC_IMPLEMENTATIONS = YES;
				CLANG_WARN_DIRECT_OBJC_ISA_USAGE = YES_ERROR;
				CLANG_WARN_DOCUMENTATION_COMMENTS = YES;
				CLANG_WARN_EMPTY_BODY = YES;
				CLANG_WARN_ENUM_CONVERSION = YES;
				CLANG_WARN_INFINITE_RECURSION = YES;
				CLANG_WARN_INT_CONVERSION = YES;
				CLANG_WARN_NON_LITERAL_NULL_CONVERSION = YES;
				CLANG_WARN_OBJC_IMPLICIT_RETAIN_SELF = YES;
				CLANG_WARN_OBJC_LITERAL_CONVERSION = YES;
				CLANG_WARN_OBJC_ROOT_CLASS = YES_ERROR;
				CLANG_WARN_QUOTED_INCLUDE_IN_FRAMEWORK_HEADER = YES;
				CLANG_WARN_RANGE_LOOP_ANALYSIS = YES;
				CLANG_WARN_STRICT_PROTOTYPES = YES;
				CLANG_WARN_SUSPICIOUS_MOVE = YES;
				CLANG_WARN_UNGUARDED_AVAILABILITY = YES_AGGRESSIVE;
				CLANG_WARN_UNREACHABLE_CODE = YES;
				CLANG_WARN__DUPLICATE_METHOD_MATCH = YES;
				COPY_PHASE_STRIP = NO;
				DEBUG_INFORMATION_FORMAT = dwarf;
				ENABLE_STRICT_OBJC_MSGSEND = YES;
				ENABLE_TESTABILITY = YES;
				GCC_C_LANGUAGE_STANDARD = gnu11;
				GCC_DYNAMIC_NO_PIC = NO;
				GCC_NO_COMMON_BLOCKS = YES;
				GCC_OPTIMIZATION_LEVEL = 0;
				GCC_PREPROCESSOR_DEFINITIONS = (
					"DEBUG=1",
					"$(inherited)",
				);
				GCC_WARN_64_TO_32_BIT_CONVERSION = YES;
				GCC_WARN_ABOUT_RETURN_TYPE = YES_ERROR;
				GCC_WARN_UNDECLARED_SELECTOR = YES;
				GCC_WARN_UNINITIALIZED_AUTOS = YES_AGGRESSIVE;
				GCC_WARN_UNUSED_FUNCTION = YES;
				GCC_WARN_UNUSED_VARIABLE = YES;
				IPHONEOS_DEPLOYMENT_TARGET = 14.0;
				MTL_ENABLE_DEBUG_INFO = INCLUDE_SOURCE;
				MTL_FAST_MATH = YES;
				ONLY_ACTIVE_ARCH = YES;
				SDKROOT = iphoneos;
				SWIFT_ACTIVE_COMPILATION_CONDITIONS = DEBUG;
				SWIFT_OPTIMIZATION_LEVEL = "-Onone";
			};
			name = Debug;
		};
		86A98E7E25173A0600E6CBD7 /* Release */ = {
			isa = XCBuildConfiguration;
			buildSettings = {
				ALWAYS_SEARCH_USER_PATHS = NO;
				CLANG_ANALYZER_NONNULL = YES;
				CLANG_ANALYZER_NUMBER_OBJECT_CONVERSION = YES_AGGRESSIVE;
				CLANG_CXX_LANGUAGE_STANDARD = "gnu++14";
				CLANG_CXX_LIBRARY = "libc++";
				CLANG_ENABLE_MODULES = YES;
				CLANG_ENABLE_OBJC_ARC = YES;
				CLANG_ENABLE_OBJC_WEAK = YES;
				CLANG_WARN_BLOCK_CAPTURE_AUTORELEASING = YES;
				CLANG_WARN_BOOL_CONVERSION = YES;
				CLANG_WARN_COMMA = YES;
				CLANG_WARN_CONSTANT_CONVERSION = YES;
				CLANG_WARN_DEPRECATED_OBJC_IMPLEMENTATIONS = YES;
				CLANG_WARN_DIRECT_OBJC_ISA_USAGE = YES_ERROR;
				CLANG_WARN_DOCUMENTATION_COMMENTS = YES;
				CLANG_WARN_EMPTY_BODY = YES;
				CLANG_WARN_ENUM_CONVERSION = YES;
				CLANG_WARN_INFINITE_RECURSION = YES;
				CLANG_WARN_INT_CONVERSION = YES;
				CLANG_WARN_NON_LITERAL_NULL_CONVERSION = YES;
				CLANG_WARN_OBJC_IMPLICIT_RETAIN_SELF = YES;
				CLANG_WARN_OBJC_LITERAL_CONVERSION = YES;
				CLANG_WARN_OBJC_ROOT_CLASS = YES_ERROR;
				CLANG_WARN_QUOTED_INCLUDE_IN_FRAMEWORK_HEADER = YES;
				CLANG_WARN_RANGE_LOOP_ANALYSIS = YES;
				CLANG_WARN_STRICT_PROTOTYPES = YES;
				CLANG_WARN_SUSPICIOUS_MOVE = YES;
				CLANG_WARN_UNGUARDED_AVAILABILITY = YES_AGGRESSIVE;
				CLANG_WARN_UNREACHABLE_CODE = YES;
				CLANG_WARN__DUPLICATE_METHOD_MATCH = YES;
				COPY_PHASE_STRIP = NO;
				DEBUG_INFORMATION_FORMAT = "dwarf-with-dsym";
				ENABLE_NS_ASSERTIONS = NO;
				ENABLE_STRICT_OBJC_MSGSEND = YES;
				GCC_C_LANGUAGE_STANDARD = gnu11;
				GCC_NO_COMMON_BLOCKS = YES;
				GCC_WARN_64_TO_32_BIT_CONVERSION = YES;
				GCC_WARN_ABOUT_RETURN_TYPE = YES_ERROR;
				GCC_WARN_UNDECLARED_SELECTOR = YES;
				GCC_WARN_UNINITIALIZED_AUTOS = YES_AGGRESSIVE;
				GCC_WARN_UNUSED_FUNCTION = YES;
				GCC_WARN_UNUSED_VARIABLE = YES;
				IPHONEOS_DEPLOYMENT_TARGET = 14.0;
				MTL_ENABLE_DEBUG_INFO = NO;
				MTL_FAST_MATH = YES;
				SDKROOT = iphoneos;
				SWIFT_COMPILATION_MODE = wholemodule;
				SWIFT_OPTIMIZATION_LEVEL = "-O";
				VALIDATE_PRODUCT = YES;
			};
			name = Release;
		};
		86A98E8025173A0600E6CBD7 /* Debug */ = {
			isa = XCBuildConfiguration;
			buildSettings = {
				ASSETCATALOG_COMPILER_APPICON_NAME = AppIcon;
				ASSETCATALOG_COMPILER_GLOBAL_ACCENT_COLOR_NAME = AccentColor;
				CODE_SIGN_STYLE = Automatic;
				INFOPLIST_FILE = FirstTodoAPP/Info.plist;
				LD_RUNPATH_SEARCH_PATHS = (
					"$(inherited)",
					"@executable_path/Frameworks",
				);
				PRODUCT_BUNDLE_IDENTIFIER = com.example.FirstTodoAPP;
				PRODUCT_NAME = "$(TARGET_NAME)";
				SWIFT_VERSION = 5.0;
				TARGETED_DEVICE_FAMILY = "1,2";
			};
			name = Debug;
		};
		86A98E8125173A0600E6CBD7 /* Release */ = {
			isa = XCBuildConfiguration;
			buildSettings = {
				ASSETCATALOG_COMPILER_APPICON_NAME = AppIcon;
				ASSETCATALOG_COMPILER_GLOBAL_ACCENT_COLOR_NAME = AccentColor;
				CODE_SIGN_STYLE = Automatic;
				INFOPLIST_FILE = FirstTodoAPP/Info.plist;
				LD_RUNPATH_SEARCH_PATHS = (
					"$(inherited)",
					"@executable_path/Frameworks",
				);
				PRODUCT_BUNDLE_IDENTIFIER = com.example.FirstTodoAPP;
				PRODUCT_NAME = "$(TARGET_NAME)";
				SWIFT_VERSION = 5.0;
				TARGETED_DEVICE_FAMILY = "1,2";
			};
			name = Release;
		};
		86A98E8325173A0600E6CBD7 /* Debug */ = {
			isa = XCBuildConfiguration;
			buildSettings = {
				ALWAYS_EMBED_SWIFT_STANDARD_LIBRARIES = YES;
				BUNDLE_LOADER = "$(TEST_HOST)";
				CODE_SIGN_STYLE = Automatic;
				INFOPLIST_FILE = FirstTodoAPPTests/Info.plist;
				IPHONEOS_DEPLOYMENT_TARGET = 14.0;
				LD_RUNPATH_SEARCH_PATHS = (
					"$(inherited)",
					"@executable_path/Frameworks",
					"@loader_path/Frameworks",
				);
				PRODUCT_BUNDLE_IDENTIFIER = com.example.FirstTodoAPPTests;
				PRODUCT_NAME = "$(TARGET_NAME)";
				SWIFT_VERSION = 5.0;
				TARGETED_DEVICE_FAMILY = "1,2";
				TEST_HOST = "$(BUILT_PRODUCTS_DIR)/FirstTodoAPP.app/FirstTodoAPP";
			};
			name = Debug;
		};
		86A98E8425173A0600E6CBD7 /* Release */ = {
			isa = XCBuildConfiguration;
			buildSettings = {
				ALWAYS_EMBED_SWIFT_STANDARD_LIBRARIES = YES;
				BUNDLE_LOADER = "$(TEST_HOST)";
				CODE_SIGN_STYLE = Automatic;
				INFOPLIST_FILE = FirstTodoAPPTests/Info.plist;
				IPHONEOS_DEPLOYMENT_TARGET = 14.0;
				LD_RUNPATH_SEARCH_PATHS = (
					"$(inherited)",
					"@executable_path/Frameworks",
					"@loader_path/Frameworks",
				);
				PRODUCT_BUNDLE_IDENTIFIER = com.example.FirstTodoAPPTests;
				PRODUCT_NAME = "$(TARGET_NAME)";
				SWIFT_VERSION = 5.0;
				TARGETED_DEVICE_FAMILY = "1,2";
				TEST_HOST = "$(BUILT_PRODUCTS_DIR)/FirstTodoAPP.app/FirstTodoAPP";
			};
			name = Release;
		};
		86A98E8625173A0600E6CBD7 /* Debug */ = {
			isa = XCBuildConfiguration;
			buildSettings = {
				ALWAYS_EMBED_SWIFT_STANDARD_LIBRARIES = YES;
				CODE_SIGN_STYLE = Automatic;
				INFOPLIST_FILE = FirstTodoAPPUITests/Info.plist;
				LD_RUNPATH_SEARCH_PATHS = (
					"$(inherited)",
					"@executable_path/Frameworks",
					"@loader_path/Frameworks",
				);
				PRODUCT_BUNDLE_IDENTIFIER = com.example.FirstTodoAPPUITests;
				PRODUCT_NAME = "$(TARGET_NAME)";
				SWIFT_VERSION = 5.0;
				TARGETED_DEVICE_FAMILY = "1,2";
				TEST_TARGET_NAME = FirstTodoAPP;
			};
			name = Debug;
		};
		86A98E8725173A0600E6CBD7 /* Release */ = {
			isa = XCBuildConfiguration;
			buildSettings = {
				ALWAYS_EMBED_SWIFT_STANDARD_LIBRARIES = YES;
				CODE_SIGN_STYLE = Automatic;
				INFOPLIST_FILE = FirstTodoAPPUITests/Info.plist;
				LD_RUNPATH_SEARCH_PATHS = (
					"$(inherited)",
					"@executable_path/Frameworks",
					"@loader_path/Frameworks",
				);
				PRODUCT_BUNDLE_IDENTIFIER = com.example.FirstTodoAPPUITests;
				PRODUCT_NAME = "$(TARGET_NAME)";
				SWIFT_VERSION = 5.0;
				TARGETED_DEVICE_FAMILY = "1,2";
				TEST_TARGET_NAME = FirstTodoAPP;
			};
			name = Release;
		};
/* End XCBuildConfiguration section */

/* Begin XCConfigurationList section */
		86A98E5025173A0500E6CBD7 /* Build configuration list for PBXProject "FirstTodoAPP" */ = {
			isa = XCConfigurationList;
			buildConfigurations = (
				86A98E7D25173A0600E6CBD7 /* Debug */,
				86A98E7E25173A0600E6CBD7 /* Release */,
			);
			defaultConfigurationIsVisible = 0;
			defaultConfigurationName = Release;
		};
		86A98E7F25173A0600E6CBD7 /* Build configuration list for PBXNativeTarget "FirstTodoAPP" */ = {
			isa = XCConfigurationList;
			buildConfigurations = (
				86A98E8025173A0600E6CBD7 /* Debug */,
				86A98E8125173A0600E6CBD7 /* Release */,
			);
			defaultConfigurationIsVisible = 0;
			defaultConfigurationName = Release;
		};
		86A98E8225173A0600E6CBD7 /* Build configuration list for PBXNativeTarget "FirstTodoAPPTests" */ = {
			isa = XCConfigurationList;
			buildConfigurations = (
				86A98E8325173A0600E6CBD7 /* Debug */,
				86A98E8425173A0600E6CBD7 /* Release */,
			);
			defaultConfigurationIsVisible = 0;
			defaultConfigurationName = Release;
		};
		86A98E8525173A0600E6CBD7 /* Build configuration list for PBXNativeTarget "FirstTodoAPPUITests" */ = {
			isa = XCConfigurationList;
			buildConfigurations = (
				86A98E8625173A0600E6CBD7 /* Debug */,
				86A98E8725173A0600E6CBD7 /* Release */,
			);
			defaultConfigurationIsVisible = 0;
			defaultConfigurationName = Release;
		};
/* End XCConfigurationList section */
	};
	rootObject = 86A98E4D25173A0500E6CBD7 /* Project object */;
}
